
Microsoft Visual Studio Solution File, Format Version 12.00
# Visual Studio Version 17
VisualStudioVersion = 17.1.32210.238
MinimumVisualStudioVersion = 10.0.40219.1
Project("{FAE04EC0-301F-11D3-BF4B-00C04F79EFBC}") = "TravelGateXAPI", "TravelGateXAPI\TravelGateXAPI.csproj", "{A1DB0111-099A-45C6-AEE9-5FCEBC631072}"
EndProject
Global
	GlobalSection(SolutionConfigurationPlatforms) = preSolution
		Debug|Any CPU = Debug|Any CPU
		Release|Any CPU = Release|Any CPU
	EndGlobalSection
	GlobalSection(ProjectConfigurationPlatforms) = postSolution
		{A1DB0111-099A-45C6-AEE9-5FCEBC631072}.Debug|Any CPU.ActiveCfg = Debug|Any CPU
		{A1DB0111-099A-45C6-AEE9-5FCEBC631072}.Debug|Any CPU.Build.0 = Debug|Any CPU
		{A1DB0111-099A-45C6-AEE9-5FCEBC631072}.Release|Any CPU.ActiveCfg = Release|Any CPU
		{A1DB0111-099A-45C6-AEE9-5FCEBC631072}.Release|Any CPU.Build.0 = Release|Any CPU
	EndGlobalSection
	GlobalSection(SolutionProperties) = preSolution
		HideSolutionNode = FALSE
	EndGlobalSection
	GlobalSection(ExtensibilityGlobals) = postSolution
		SolutionGuid = {5BE9AFBD-7D46-4F9E-BBEE-A1A551236C9E}
	EndGlobalSection
EndGlobal
